
Microsoft Visual Studio Solution File, Format Version 12.00
# Visual Studio Version 17
VisualStudioVersion = 17.13.35919.96 d17.13
MinimumVisualStudioVersion = 10.0.40219.1
Project("{FAE04EC0-301F-11D3-BF4B-00C04F79EFBC}") = "MeineFerienhaeuser", "MeineFerienhaeuser\MeineFerienhaeuser.csproj", "{39BDBCF5-5671-4FEA-9AEB-06A2092741D1}"
EndProject
Global
	GlobalSection(SolutionConfigurationPlatforms) = preSolution
		Debug|Any CPU = Debug|Any CPU
		Release|Any CPU = Release|Any CPU
	EndGlobalSection
	GlobalSection(ProjectConfigurationPlatforms) = postSolution
		{39BDBCF5-5671-4FEA-9AEB-06A2092741D1}.Debug|Any CPU.ActiveCfg = Debug|Any CPU
		{39BDBCF5-5671-4FEA-9AEB-06A2092741D1}.Debug|Any CPU.Build.0 = Debug|Any CPU
		{39BDBCF5-5671-4FEA-9AEB-06A2092741D1}.Release|Any CPU.ActiveCfg = Release|Any CPU
		{39BDBCF5-5671-4FEA-9AEB-06A2092741D1}.Release|Any CPU.Build.0 = Release|Any CPU
	EndGlobalSection
	GlobalSection(SolutionProperties) = preSolution
		HideSolutionNode = FALSE
	EndGlobalSection
	GlobalSection(ExtensibilityGlobals) = postSolution
		SolutionGuid = {67424CE9-5CC5-4198-A940-2B0CBC1E3AF4}
	EndGlobalSection
EndGlobal
